<?xml version="1.0" encoding="utf-8"?>
<Project ToolsVersion="4.0" xmlns="http://schemas.microsoft.com/developer/msbuild/2003">
  <ItemGroup>
    <Filter Include="源文件">
      <UniqueIdentifier>{4FC737F1-C7A5-4376-A066-2A32D752A2FF}</UniqueIdentifier>
      <Extensions>cpp;c;cc;cxx;def;odl;idl;hpj;bat;asm;asmx</Extensions>
    </Filter>
    <Filter Include="头文件">
      <UniqueIdentifier>{93995380-89BD-4b04-88EB-625FBE52EBFB}</UniqueIdentifier>
      <Extensions>h;hh;hpp;hxx;hm;inl;inc;ipp;xsd</Extensions>
    </Filter>
    <Filter Include="资源文件">
      <UniqueIdentifier>{67DA6AB6-F800-4c08-8B7A-83BB121AAD01}</UniqueIdentifier>
      <Extensions>rc;ico;cur;bmp;dlg;rc2;rct;bin;rgs;gif;jpg;jpeg;jpe;resx;tiff;tif;png;wav;mfcribbon-ms</Extensions>
    </Filter>
    <Filter Include="threadpool">
      <UniqueIdentifier>{7f83bcb3-605b-4504-92c2-b3e18111c1e5}</UniqueIdentifier>
    </Filter>
    <Filter Include="threadpool\detail">
      <UniqueIdentifier>{46a60428-c05d-47ec-b6bd-65b29a23ba12}</UniqueIdentifier>
    </Filter>
  </ItemGroup>
  <ItemGroup>
    <ClCompile Include="thread_pool.cpp">
      <Filter>源文件</Filter>
    </ClCompile>
  </ItemGroup>
  <ItemGroup>
    <ClInclude Include="..\include\threadpool\detail\basic_task.hpp">
      <Filter>threadpool\detail</Filter>
    </ClInclude>
    <ClInclude Include="..\include\threadpool\detail\noncopyable.hpp">
      <Filter>threadpool\detail</Filter>
    </ClInclude>
    <ClInclude Include="..\include\threadpool\detail\pool_core.hpp">
      <Filter>threadpool\detail</Filter>
    </ClInclude>
    <ClInclude Include="..\include\threadpool\pool_adaptors.hpp">
      <Filter>threadpool</Filter>
    </ClInclude>
    <ClInclude Include="..\include\threadpool\scheduling_policies.hpp">
      <Filter>threadpool</Filter>
    </ClInclude>
    <ClInclude Include="..\include\threadpool\shutdown_policies.hpp">
      <Filter>threadpool</Filter>
    </ClInclude>
    <ClInclude Include="..\include\threadpool\thread_pool.hpp">
      <Filter>threadpool</Filter>
    </ClInclude>
    <ClInclude Include="..\include\thread_pool.hpp">
      <Filter>头文件</Filter>
    </ClInclude>
    <ClInclude Include="..\include\threadpool\task.hpp">
      <Filter>threadpool</Filter>
    </ClInclude>
    <ClInclude Include="..\include\threadpool\detail\hash_node.hpp">
      <Filter>threadpool\detail</Filter>
    </ClInclude>
    <ClInclude Include="..\include\threadpool\detail\work_thread.hpp">
      <Filter>threadpool\detail</Filter>
    </ClInclude>
  </ItemGroup>
</Project>